<?xml version="1.0" encoding="utf-8"?>
<Project ToolsVersion="4.0" xmlns="http://schemas.microsoft.com/developer/msbuild/2003">
  <ItemGroup>
    <ClCompile Include="main.cpp" />
    <ClCompile Include="salsa20.c" />
    <ClCompile Include="runcipher.cpp" />
    <ClCompile Include="speedupSalsa20.cpp" />
    <ClCompile Include="checkfiles.cpp" />
    <ClCompile Include="sha2.c" />
    <ClCompile Include="sha2avx2.c" />
  </ItemGroup>
  <ItemGroup>
    <ClInclude Include="defs.h" />
    <ClInclude Include="ScopedClock.hpp" />
    <ClInclude Include="alignedallocator.h" />
  </ItemGroup>
  <ItemGroup>
    <MASM Include="prepareSalsa8.asm" />
  </ItemGroup>
</Project>